// !$*UTF8*$!
{
	archiveVersion = 1;
	classes = {
	};
	objectVersion = 46;
	objects = {

/* Begin PBXBuildFile section */
		18B1AC421A7F718800BA7157 /* main.m in Sources */ = {isa = PBXBuildFile; fileRef = 18B1AC411A7F718800BA7157 /* main.m */; };
		18B1AC451A7F718800BA7157 /* AppDelegate.m in Sources */ = {isa = PBXBuildFile; fileRef = 18B1AC441A7F718800BA7157 /* AppDelegate.m */; };
		18B1AC481A7F718800BA7157 /* ViewController.m in Sources */ = {isa = PBXBuildFile; fileRef = 18B1AC471A7F718800BA7157 /* ViewController.m */; };
		18B1AC4B1A7F718800BA7157 /* Main.storyboard in Resources */ = {isa = PBXBuildFile; fileRef = 18B1AC491A7F718800BA7157 /* Main.storyboard */; };
		18B1AC4D1A7F718800BA7157 /* Images.xcassets in Resources */ = {isa = PBXBuildFile; fileRef = 18B1AC4C1A7F718800BA7157 /* Images.xcassets */; };
		18B1AC501A7F718800BA7157 /* LaunchScreen.xib in Resources */ = {isa = PBXBuildFile; fileRef = 18B1AC4E1A7F718800BA7157 /* LaunchScreen.xib */; };
		18B1AC5C1A7F718900BA7157 /* WebCacheTests.m in Sources */ = {isa = PBXBuildFile; fileRef = 18B1AC5B1A7F718900BA7157 /* WebCacheTests.m */; };
/* End PBXBuildFile section */

/* Begin PBXContainerItemProxy section */
		18B1AC561A7F718800BA7157 /* PBXContainerItemProxy */ = {
			isa = PBXContainerItemProxy;
			containerPortal = 18B1AC341A7F718800BA7157 /* Project object */;
			proxyType = 1;
			remoteGlobalIDString = 18B1AC3B1A7F718800BA7157;
			remoteInfo = WebCache;
		};
/* End PBXContainerItemProxy section */

/* Begin PBXFileReference section */
		18B1AC3C1A7F718800BA7157 /* WebCache.app */ = {isa = PBXFileReference; explicitFileType = wrapper.application; includeInIndex = 0; path = WebCache.app; sourceTree = BUILT_PRODUCTS_DIR; };
		18B1AC401A7F718800BA7157 /* Info.plist */ = {isa = PBXFileReference; lastKnownFileType = text.plist.xml; path = Info.plist; sourceTree = "<group>"; };
		18B1AC411A7F718800BA7157 /* main.m */ = {isa = PBXFileReference; lastKnownFileType = sourcecode.c.objc; path = main.m; sourceTree = "<group>"; };
		18B1AC431A7F718800BA7157 /* AppDelegate.h */ = {isa = PBXFileReference; lastKnownFileType = sourcecode.c.h; path = AppDelegate.h; sourceTree = "<group>"; };
		18B1AC441A7F718800BA7157 /* AppDelegate.m */ = {isa = PBXFileReference; lastKnownFileType = sourcecode.c.objc; path = AppDelegate.m; sourceTree = "<group>"; };
		18B1AC461A7F718800BA7157 /* ViewController.h */ = {isa = PBXFileReference; lastKnownFileType = sourcecode.c.h; path = ViewController.h; sourceTree = "<group>"; };
		18B1AC471A7F718800BA7157 /* ViewController.m */ = {isa = PBXFileReference; lastKnownFileType = sourcecode.c.objc; path = ViewController.m; sourceTree = "<group>"; };
		18B1AC4A1A7F718800BA7157 /* Base */ = {isa = PBXFileReference; lastKnownFileType = file.storyboard; name = Base; path = Base.lproj/Main.storyboard; sourceTree = "<group>"; };
		18B1AC4C1A7F718800BA7157 /* Images.xcassets */ = {isa = PBXFileReference; lastKnownFileType = folder.assetcatalog; path = Images.xcassets; sourceTree = "<group>"; };
		18B1AC4F1A7F718800BA7157 /* Base */ = {isa = PBXFileReference; lastKnownFileType = file.xib; name = Base; path = Base.lproj/LaunchScreen.xib; sourceTree = "<group>"; };
		18B1AC551A7F718800BA7157 /* WebCacheTests.xctest */ = {isa = PBXFileReference; explicitFileType = wrapper.cfbundle; includeInIndex = 0; path = WebCacheTests.xctest; sourceTree = BUILT_PRODUCTS_DIR; };
		18B1AC5A1A7F718800BA7157 /* Info.plist */ = {isa = PBXFileReference; lastKnownFileType = text.plist.xml; path = Info.plist; sourceTree = "<group>"; };
		18B1AC5B1A7F718900BA7157 /* WebCacheTests.m */ = {isa = PBXFileReference; lastKnownFileType = sourcecode.c.objc; path = WebCacheTests.m; sourceTree = "<group>"; };
/* End PBXFileReference section */

/* Begin PBXFrameworksBuildPhase section */
		18B1AC391A7F718800BA7157 /* Frameworks */ = {
			isa = PBXFrameworksBuildPhase;
			buildActionMask = 2147483647;
			files = (
			);
			runOnlyForDeploymentPostprocessing = 0;
		};
		18B1AC521A7F718800BA7157 /* Frameworks */ = {
			isa = PBXFrameworksBuildPhase;
			buildActionMask = 2147483647;
			files = (
			);
			runOnlyForDeploymentPostprocessing = 0;
		};
/* End PBXFrameworksBuildPhase section */

/* Begin PBXGroup section */
		18B1AC331A7F718800BA7157 = {
			isa = PBXGroup;
			children = (
				18B1AC3E1A7F718800BA7157 /* WebCache */,
				18B1AC581A7F718800BA7157 /* WebCacheTests */,
				18B1AC3D1A7F718800BA7157 /* Products */,
			);
			sourceTree = "<group>";
		};
		18B1AC3D1A7F718800BA7157 /* Products */ = {
			isa = PBXGroup;
			children = (
				18B1AC3C1A7F718800BA7157 /* WebCache.app */,
				18B1AC551A7F718800BA7157 /* WebCacheTests.xctest */,
			);
			name = Products;
			sourceTree = "<group>";
		};
		18B1AC3E1A7F718800BA7157 /* WebCache */ = {
			isa = PBXGroup;
			children = (
				18B1AC431A7F718800BA7157 /* AppDelegate.h */,
				18B1AC441A7F718800BA7157 /* AppDelegate.m */,
				18B1AC461A7F718800BA7157 /* ViewController.h */,
				18B1AC471A7F718800BA7157 /* ViewController.m */,
				18B1AC491A7F718800BA7157 /* Main.storyboard */,
				18B1AC4C1A7F718800BA7157 /* Images.xcassets */,
				18B1AC4E1A7F718800BA7157 /* LaunchScreen.xib */,
				18B1AC3F1A7F718800BA7157 /* Supporting Files */,
			);
			path = WebCache;
			sourceTree = "<group>";
		};
		18B1AC3F1A7F718800BA7157 /* Supporting Files */ = {
			isa = PBXGroup;
			children = (
				18B1AC401A7F718800BA7157 /* Info.plist */,
				18B1AC411A7F718800BA7157 /* main.m */,
			);
			name = "Supporting Files";
			sourceTree = "<group>";
		};
		18B1AC581A7F718800BA7157 /* WebCacheTests */ = {
			isa = PBXGroup;
			children = (
				18B1AC5B1A7F718900BA7157 /* WebCacheTests.m */,
				18B1AC591A7F718800BA7157 /* Supporting Files */,
			);
			path = WebCacheTests;
			sourceTree = "<group>";
		};
		18B1AC591A7F718800BA7157 /* Supporting Files */ = {
			isa = PBXGroup;
			children = (
				18B1AC5A1A7F718800BA7157 /* Info.plist */,
			);
			name = "Supporting Files";
			sourceTree = "<group>";
		};
/* End PBXGroup section */

/* Begin PBXNativeTarget section */
		18B1AC3B1A7F718800BA7157 /* WebCache */ = {
			isa = PBXNativeTarget;
			buildConfigurationList = 18B1AC5F1A7F718900BA7157 /* Build configuration list for PBXNativeTarget "WebCache" */;
			buildPhases = (
				18B1AC381A7F718800BA7157 /* Sources */,
				18B1AC391A7F718800BA7157 /* Frameworks */,
				18B1AC3A1A7F718800BA7157 /* Resources */,
			);
			buildRules = (
			);
			dependencies = (
			);
			name = WebCache;
			productName = WebCache;
			productReference = 18B1AC3C1A7F718800BA7157 /* WebCache.app */;
			productType = "com.apple.product-type.application";
		};
		18B1AC541A7F718800BA7157 /* WebCacheTests */ = {
			isa = PBXNativeTarget;
			buildConfigurationList = 18B1AC621A7F718900BA7157 /* Build configuration list for PBXNativeTarget "WebCacheTests" */;
			buildPhases = (
				18B1AC511A7F718800BA7157 /* Sources */,
				18B1AC521A7F718800BA7157 /* Frameworks */,
				18B1AC531A7F718800BA7157 /* Resources */,
			);
			buildRules = (
			);
			dependencies = (
				18B1AC571A7F718800BA7157 /* PBXTargetDependency */,
			);
			name = WebCacheTests;
			productName = WebCacheTests;
			productReference = 18B1AC551A7F718800BA7157 /* WebCacheTests.xctest */;
			productType = "com.apple.product-type.bundle.unit-test";
		};
/* End PBXNativeTarget section */

/* Begin PBXProject section */
		18B1AC341A7F718800BA7157 /* Project object */ = {
			isa = PBXProject;
			attributes = {
				LastUpgradeCheck = 0610;
				ORGANIZATIONNAME = caijing;
				TargetAttributes = {
					18B1AC3B1A7F718800BA7157 = {
						CreatedOnToolsVersion = 6.1.1;
					};
					18B1AC541A7F718800BA7157 = {
						CreatedOnToolsVersion = 6.1.1;
						TestTargetID = 18B1AC3B1A7F718800BA7157;
					};
				};
			};
			buildConfigurationList = 18B1AC371A7F718800BA7157 /* Build configuration list for PBXProject "WebCache" */;
			compatibilityVersion = "Xcode 3.2";
			developmentRegion = English;
			hasScannedForEncodings = 0;
			knownRegions = (
				en,
				Base,
			);
			mainGroup = 18B1AC331A7F718800BA7157;
			productRefGroup = 18B1AC3D1A7F718800BA7157 /* Products */;
			projectDirPath = "";
			projectRoot = "";
			targets = (
				18B1AC3B1A7F718800BA7157 /* WebCache */,
				18B1AC541A7F718800BA7157 /* WebCacheTests */,
			);
		};
/* End PBXProject section */

/* Begin PBXResourcesBuildPhase section */
		18B1AC3A1A7F718800BA7157 /* Resources */ = {
			isa = PBXResourcesBuildPhase;
			buildActionMask = 2147483647;
			files = (
				18B1AC4B1A7F718800BA7157 /* Main.storyboard in Resources */,
				18B1AC501A7F718800BA7157 /* LaunchScreen.xib in Resources */,
				18B1AC4D1A7F718800BA7157 /* Images.xcassets in Resources */,
			);
			runOnlyForDeploymentPostprocessing = 0;
		};
		18B1AC531A7F718800BA7157 /* Resources */ = {
			isa = PBXResourcesBuildPhase;
			buildActionMask = 2147483647;
			files = (
			);
			runOnlyForDeploymentPostprocessing = 0;
		};
/* End PBXResourcesBuildPhase section */

/* Begin PBXSourcesBuildPhase section */
		18B1AC381A7F718800BA7157 /* Sources */ = {
			isa = PBXSourcesBuildPhase;
			buildActionMask = 2147483647;
			files = (
				18B1AC481A7F718800BA7157 /* ViewController.m in Sources */,
				18B1AC451A7F718800BA7157 /* AppDelegate.m in Sources */,
				18B1AC421A7F718800BA7157 /* main.m in Sources */,
			);
			runOnlyForDeploymentPostprocessing = 0;
		};
		18B1AC511A7F718800BA7157 /* Sources */ = {
			isa = PBXSourcesBuildPhase;
			buildActionMask = 2147483647;
			files = (
				18B1AC5C1A7F718900BA7157 /* WebCacheTests.m in Sources */,
			);
			runOnlyForDeploymentPostprocessing = 0;
		};
/* End PBXSourcesBuildPhase section */

/* Begin PBXTargetDependency section */
		18B1AC571A7F718800BA7157 /* PBXTargetDependency */ = {
			isa = PBXTargetDependency;
			target = 18B1AC3B1A7F718800BA7157 /* WebCache */;
			targetProxy = 18B1AC561A7F718800BA7157 /* PBXContainerItemProxy */;
		};
/* End PBXTargetDependency section */

/* Begin PBXVariantGroup section */
		18B1AC491A7F718800BA7157 /* Main.storyboard */ = {
			isa = PBXVariantGroup;
			children = (
				18B1AC4A1A7F718800BA7157 /* Base */,
			);
			name = Main.storyboard;
			sourceTree = "<group>";
		};
		18B1AC4E1A7F718800BA7157 /* LaunchScreen.xib */ = {
			isa = PBXVariantGroup;
			children = (
				18B1AC4F1A7F718800BA7157 /* Base */,
			);
			name = LaunchScreen.xib;
			sourceTree = "<group>";
		};
/* End PBXVariantGroup section */

/* Begin XCBuildConfiguration section */
		18B1AC5D1A7F718900BA7157 /* Debug */ = {
			isa = XCBuildConfiguration;
			buildSettings = {
				ALWAYS_SEARCH_USER_PATHS = NO;
				CLANG_CXX_LANGUAGE_STANDARD = "gnu++0x";
				CLANG_CXX_LIBRARY = "libc++";
				CLANG_ENABLE_MODULES = YES;
				CLANG_ENABLE_OBJC_ARC = YES;
				CLANG_WARN_BOOL_CONVERSION = YES;
				CLANG_WARN_CONSTANT_CONVERSION = YES;
				CLANG_WARN_DIRECT_OBJC_ISA_USAGE = YES_ERROR;
				CLANG_WARN_EMPTY_BODY = YES;
				CLANG_WARN_ENUM_CONVERSION = YES;
				CLANG_WARN_INT_CONVERSION = YES;
				CLANG_WARN_OBJC_ROOT_CLASS = YES_ERROR;
				CLANG_WARN_UNREACHABLE_CODE = YES;
				CLANG_WARN__DUPLICATE_METHOD_MATCH = YES;
				"CODE_SIGN_IDENTITY[sdk=iphoneos*]" = "iPhone Developer";
				COPY_PHASE_STRIP = NO;
				ENABLE_STRICT_OBJC_MSGSEND = YES;
				GCC_C_LANGUAGE_STANDARD = gnu99;
				GCC_DYNAMIC_NO_PIC = NO;
				GCC_OPTIMIZATION_LEVEL = 0;
				GCC_PREPROCESSOR_DEFINITIONS = (
					"DEBUG=1",
					"$(inherited)",
				);
				GCC_SYMBOLS_PRIVATE_EXTERN = NO;
				GCC_WARN_64_TO_32_BIT_CONVERSION = YES;
				GCC_WARN_ABOUT_RETURN_TYPE = YES_ERROR;
				GCC_WARN_UNDECLARED_SELECTOR = YES;
				GCC_WARN_UNINITIALIZED_AUTOS = YES_AGGRESSIVE;
				GCC_WARN_UNUSED_FUNCTION = YES;
				GCC_WARN_UNUSED_VARIABLE = YES;
				IPHONEOS_DEPLOYMENT_TARGET = 8.1;
				MTL_ENABLE_DEBUG_INFO = YES;
				ONLY_ACTIVE_ARCH = YES;
				SDKROOT = iphoneos;
				TARGETED_DEVICE_FAMILY = "1,2";
			};
			name = Debug;
		};
		18B1AC5E1A7F718900BA7157 /* Release */ = {
			isa = XCBuildConfiguration;
			buildSettings = {
				ALWAYS_SEARCH_USER_PATHS = NO;
				CLANG_CXX_LANGUAGE_STANDARD = "gnu++0x";
				CLANG_CXX_LIBRARY = "libc++";
				CLANG_ENABLE_MODULES = YES;
				CLANG_ENABLE_OBJC_ARC = YES;
				CLANG_WARN_BOOL_CONVERSION = YES;
				CLANG_WARN_CONSTANT_CONVERSION = YES;
				CLANG_WARN_DIRECT_OBJC_ISA_USAGE = YES_ERROR;
				CLANG_WARN_EMPTY_BODY = YES;
				CLANG_WARN_ENUM_CONVERSION = YES;
				CLANG_WARN_INT_CONVERSION = YES;
				CLANG_WARN_OBJC_ROOT_CLASS = YES_ERROR;
				CLANG_WARN_UNREACHABLE_CODE = YES;
				CLANG_WARN__DUPLICATE_METHOD_MATCH = YES;
				"CODE_SIGN_IDENTITY[sdk=iphoneos*]" = "iPhone Developer";
				COPY_PHASE_STRIP = YES;
				ENABLE_NS_ASSERTIONS = NO;
				ENABLE_STRICT_OBJC_MSGSEND = YES;
				GCC_C_LANGUAGE_STANDARD = gnu99;
				GCC_WARN_64_TO_32_BIT_CONVERSION = YES;
				GCC_WARN_ABOUT_RETURN_TYPE = YES_ERROR;
				GCC_WARN_UNDECLARED_SELECTOR = YES;
				GCC_WARN_UNINITIALIZED_AUTOS = YES_AGGRESSIVE;
				GCC_WARN_UNUSED_FUNCTION = YES;
				GCC_WARN_UNUSED_VARIABLE = YES;
				IPHONEOS_DEPLOYMENT_TARGET = 8.1;
				MTL_ENABLE_DEBUG_INFO = NO;
				SDKROOT = iphoneos;
				TARGETED_DEVICE_FAMILY = "1,2";
				VALIDATE_PRODUCT = YES;
			};
			name = Release;
		};
		18B1AC601A7F718900BA7157 /* Debug */ = {
			isa = XCBuildConfiguration;
			buildSettings = {
				ASSETCATALOG_COMPILER_APPICON_NAME = AppIcon;
				INFOPLIST_FILE = WebCache/Info.plist;
				LD_RUNPATH_SEARCH_PATHS = "$(inherited) @executable_path/Frameworks";
				PRODUCT_NAME = "$(TARGET_NAME)";
			};
			name = Debug;
		};
		18B1AC611A7F718900BA7157 /* Release */ = {
			isa = XCBuildConfiguration;
			buildSettings = {
				ASSETCATALOG_COMPILER_APPICON_NAME = AppIcon;
				INFOPLIST_FILE = WebCache/Info.plist;
				LD_RUNPATH_SEARCH_PATHS = "$(inherited) @executable_path/Frameworks";
				PRODUCT_NAME = "$(TARGET_NAME)";
			};
			name = Release;
		};
		18B1AC631A7F718900BA7157 /* Debug */ = {
			isa = XCBuildConfiguration;
			buildSettings = {
				BUNDLE_LOADER = "$(TEST_HOST)";
				FRAMEWORK_SEARCH_PATHS = (
					"$(SDKROOT)/Developer/Library/Frameworks",
					"$(inherited)",
				);
				GCC_PREPROCESSOR_DEFINITIONS = (
					"DEBUG=1",
					"$(inherited)",
				);
				INFOPLIST_FILE = WebCacheTests/Info.plist;
				LD_RUNPATH_SEARCH_PATHS = "$(inherited) @executable_path/Frameworks @loader_path/Frameworks";
				PRODUCT_NAME = "$(TARGET_NAME)";
				TEST_HOST = "$(BUILT_PRODUCTS_DIR)/WebCache.app/WebCache";
			};
			name = Debug;
		};
		18B1AC641A7F718900BA7157 /* Release */ = {
			isa = XCBuildConfiguration;
			buildSettings = {
				BUNDLE_LOADER = "$(TEST_HOST)";
				FRAMEWORK_SEARCH_PATHS = (
					"$(SDKROOT)/Developer/Library/Frameworks",
					"$(inherited)",
				);
				INFOPLIST_FILE = WebCacheTests/Info.plist;
				LD_RUNPATH_SEARCH_PATHS = "$(inherited) @executable_path/Frameworks @loader_path/Frameworks";
				PRODUCT_NAME = "$(TARGET_NAME)";
				TEST_HOST = "$(BUILT_PRODUCTS_DIR)/WebCache.app/WebCache";
			};
			name = Release;
		};
/* End XCBuildConfiguration section */

/* Begin XCConfigurationList section */
		18B1AC371A7F718800BA7157 /* Build configuration list for PBXProject "WebCache" */ = {
			isa = XCConfigurationList;
			buildConfigurations = (
				18B1AC5D1A7F718900BA7157 /* Debug */,
				18B1AC5E1A7F718900BA7157 /* Release */,
			);
			defaultConfigurationIsVisible = 0;
			defaultConfigurationName = Release;
		};
		18B1AC5F1A7F718900BA7157 /* Build configuration list for PBXNativeTarget "WebCache" */ = {
			isa = XCConfigurationList;
			buildConfigurations = (
				18B1AC601A7F718900BA7157 /* Debug */,
				18B1AC611A7F718900BA7157 /* Release */,
			);
			defaultConfigurationIsVisible = 0;
		};
		18B1AC621A7F718900BA7157 /* Build configuration list for PBXNativeTarget "WebCacheTests" */ = {
			isa = XCConfigurationList;
			buildConfigurations = (
				18B1AC631A7F718900BA7157 /* Debug */,
				18B1AC641A7F718900BA7157 /* Release */,
			);
			defaultConfigurationIsVisible = 0;
		};
/* End XCConfigurationList section */
	};
	rootObject = 18B1AC341A7F718800BA7157 /* Project object */;
}
